
Microsoft Visual Studio Solution File, Format Version 12.00
# Visual Studio Version 17
VisualStudioVersion = 17.7.34031.279
MinimumVisualStudioVersion = 10.0.40219.1
Project("{2150E333-8FDC-42A3-9474-1A3956D46DE8}") = "User", "User", "{D51961E3-0FF7-4905-BFBD-3B12F2299E31}"
EndProject
Project("{9A19103F-16F7-4668-BE54-9A1E7A4F7556}") = "Mercure.API", "Mercure.API\Mercure.API.csproj", "{1756F012-E37B-4CBF-8323-228827541FA7}"
EndProject
Project("{9A19103F-16F7-4668-BE54-9A1E7A4F7556}") = "Mercure.User.API", "User\Mercure.User.API\Mercure.User.API.csproj", "{65268629-6369-4A33-A861-8ADD714F78E9}"
EndProject
Project("{2150E333-8FDC-42A3-9474-1A3956D46DE8}") = "Test", "Test", "{28AD8694-A3D0-4BF3-A3BE-3AE5F8BC7BEE}"
EndProject
Project("{9A19103F-16F7-4668-BE54-9A1E7A4F7556}") = "Mercure.User.Application", "User\Mercure.User.Application\Mercure.User.Application.csproj", "{E3933437-A8EC-469C-A42D-518A7F201BD6}"
EndProject
Project("{9A19103F-16F7-4668-BE54-9A1E7A4F7556}") = "Mercure.User.Infrastructure", "User\Mercure.User.Infrastructure\Mercure.User.Infrastructure.csproj", "{22220E69-6AA7-405D-A4B7-86345E353485}"
EndProject
Project("{9A19103F-16F7-4668-BE54-9A1E7A4F7556}") = "Mercure.User.Domain", "User\Mercure.User.Domain\Mercure.User.Domain\Mercure.User.Domain.csproj", "{45698F7A-497B-40F1-AA1A-1F01C7A6120D}"
EndProject
Project("{00D1A9C2-B5F0-4AF3-8072-F6C62B433612}") = "Mercure.User.DB", "User\Mercure.User.DB\Mercure.User.DB.sqlproj", "{74A58064-E239-4058-BED2-80263EE544D5}"
EndProject
Project("{9A19103F-16F7-4668-BE54-9A1E7A4F7556}") = "Mercure.Common", "Mercure.Common\Mercure.Common.csproj", "{B6E79893-B49B-4A88-ACC4-83995BD2CDAF}"
EndProject
Project("{9A19103F-16F7-4668-BE54-9A1E7A4F7556}") = "Mercure.User.Domain.Test", "User\Test\Mercure.User.Domain.Test\Mercure.User.Domain.Test.csproj", "{A3B4BEBF-5787-4661-80FC-0F16AA708FD6}"
EndProject
Project("{2150E333-8FDC-42A3-9474-1A3956D46DE8}") = "Patient", "Patient", "{DC3EEDE6-40C6-4746-96CB-F4CF7BA872DC}"
EndProject
Project("{2150E333-8FDC-42A3-9474-1A3956D46DE8}") = "Test", "Test", "{F4BB3A47-8153-4367-8B11-CA406DCBCCCB}"
EndProject
Project("{9A19103F-16F7-4668-BE54-9A1E7A4F7556}") = "Mercure.User.Infrastructure.Test", "User\Test\Mercure.User.Infrastructure.Test\Mercure.User.Infrastructure.Test.csproj", "{EB6CE17B-1B9C-4299-A60F-F96389FB7BDC}"
EndProject
Project("{9A19103F-16F7-4668-BE54-9A1E7A4F7556}") = "Mercure.Patient.API", "Patient\Mercure.Patient.API\Mercure.Patient.API.csproj", "{970E85E5-ADE9-45F7-9944-5C9D04298AAA}"
EndProject
Project("{9A19103F-16F7-4668-BE54-9A1E7A4F7556}") = "Mercure.Patient.Application", "Patient\Mercure.Patient.Application\Mercure.Patient.Application.csproj", "{F0D036FD-2DA9-425F-AF80-72ADDCF45850}"
EndProject
Project("{9A19103F-16F7-4668-BE54-9A1E7A4F7556}") = "Mercure.Patient.Domain", "Patient\Mercure.Patient.Domain\Mercure.Patient.Domain.csproj", "{A0455737-6A4E-4289-A57C-AE174321818F}"
EndProject
Project("{9A19103F-16F7-4668-BE54-9A1E7A4F7556}") = "Mercure.Patient.Infrastructure", "Patient\Mercure.Patient.Infrastructure\Mercure.Patient.Infrastructure.csproj", "{03DDE42B-6401-4A9D-8099-5E6D29F6C3D5}"
EndProject
Project("{00D1A9C2-B5F0-4AF3-8072-F6C62B433612}") = "Mercure.Patient.DB", "Patient\Mercure.Patient.DB\Mercure.Patient.DB.sqlproj", "{58C3BA9D-07BA-40E3-814A-C421126D0CF8}"
EndProject
Project("{2150E333-8FDC-42A3-9474-1A3956D46DE8}") = "Standalone", "Standalone", "{A5B75CF8-07D6-442C-BF32-FD5FB5BDD3E0}"
EndProject
Project("{9A19103F-16F7-4668-BE54-9A1E7A4F7556}") = "Mercure.IdentityServer", "Standalone\Mercure.IdentityServer\Mercure.IdentityServer.csproj", "{D93528D5-8624-4E21-A065-9FD2BE065507}"
EndProject
Global
	GlobalSection(SolutionConfigurationPlatforms) = preSolution
		Debug|Any CPU = Debug|Any CPU
		Release|Any CPU = Release|Any CPU
	EndGlobalSection
	GlobalSection(ProjectConfigurationPlatforms) = postSolution
		{1756F012-E37B-4CBF-8323-228827541FA7}.Debug|Any CPU.ActiveCfg = Debug|Any CPU
		{1756F012-E37B-4CBF-8323-228827541FA7}.Debug|Any CPU.Build.0 = Debug|Any CPU
		{1756F012-E37B-4CBF-8323-228827541FA7}.Release|Any CPU.ActiveCfg = Release|Any CPU
		{1756F012-E37B-4CBF-8323-228827541FA7}.Release|Any CPU.Build.0 = Release|Any CPU
		{65268629-6369-4A33-A861-8ADD714F78E9}.Debug|Any CPU.ActiveCfg = Debug|Any CPU
		{65268629-6369-4A33-A861-8ADD714F78E9}.Debug|Any CPU.Build.0 = Debug|Any CPU
		{65268629-6369-4A33-A861-8ADD714F78E9}.Release|Any CPU.ActiveCfg = Release|Any CPU
		{65268629-6369-4A33-A861-8ADD714F78E9}.Release|Any CPU.Build.0 = Release|Any CPU
		{E3933437-A8EC-469C-A42D-518A7F201BD6}.Debug|Any CPU.ActiveCfg = Debug|Any CPU
		{E3933437-A8EC-469C-A42D-518A7F201BD6}.Debug|Any CPU.Build.0 = Debug|Any CPU
		{E3933437-A8EC-469C-A42D-518A7F201BD6}.Release|Any CPU.ActiveCfg = Release|Any CPU
		{E3933437-A8EC-469C-A42D-518A7F201BD6}.Release|Any CPU.Build.0 = Release|Any CPU
		{22220E69-6AA7-405D-A4B7-86345E353485}.Debug|Any CPU.ActiveCfg = Debug|Any CPU
		{22220E69-6AA7-405D-A4B7-86345E353485}.Debug|Any CPU.Build.0 = Debug|Any CPU
		{22220E69-6AA7-405D-A4B7-86345E353485}.Release|Any CPU.ActiveCfg = Release|Any CPU
		{22220E69-6AA7-405D-A4B7-86345E353485}.Release|Any CPU.Build.0 = Release|Any CPU
		{45698F7A-497B-40F1-AA1A-1F01C7A6120D}.Debug|Any CPU.ActiveCfg = Debug|Any CPU
		{45698F7A-497B-40F1-AA1A-1F01C7A6120D}.Debug|Any CPU.Build.0 = Debug|Any CPU
		{45698F7A-497B-40F1-AA1A-1F01C7A6120D}.Release|Any CPU.ActiveCfg = Release|Any CPU
		{45698F7A-497B-40F1-AA1A-1F01C7A6120D}.Release|Any CPU.Build.0 = Release|Any CPU
		{74A58064-E239-4058-BED2-80263EE544D5}.Debug|Any CPU.ActiveCfg = Debug|Any CPU
		{74A58064-E239-4058-BED2-80263EE544D5}.Debug|Any CPU.Deploy.0 = Debug|Any CPU
		{74A58064-E239-4058-BED2-80263EE544D5}.Release|Any CPU.ActiveCfg = Release|Any CPU
		{74A58064-E239-4058-BED2-80263EE544D5}.Release|Any CPU.Build.0 = Release|Any CPU
		{74A58064-E239-4058-BED2-80263EE544D5}.Release|Any CPU.Deploy.0 = Release|Any CPU
		{B6E79893-B49B-4A88-ACC4-83995BD2CDAF}.Debug|Any CPU.ActiveCfg = Debug|Any CPU
		{B6E79893-B49B-4A88-ACC4-83995BD2CDAF}.Debug|Any CPU.Build.0 = Debug|Any CPU
		{B6E79893-B49B-4A88-ACC4-83995BD2CDAF}.Release|Any CPU.ActiveCfg = Release|Any CPU
		{B6E79893-B49B-4A88-ACC4-83995BD2CDAF}.Release|Any CPU.Build.0 = Release|Any CPU
		{A3B4BEBF-5787-4661-80FC-0F16AA708FD6}.Debug|Any CPU.ActiveCfg = Debug|Any CPU
		{A3B4BEBF-5787-4661-80FC-0F16AA708FD6}.Debug|Any CPU.Build.0 = Debug|Any CPU
		{A3B4BEBF-5787-4661-80FC-0F16AA708FD6}.Release|Any CPU.ActiveCfg = Release|Any CPU
		{A3B4BEBF-5787-4661-80FC-0F16AA708FD6}.Release|Any CPU.Build.0 = Release|Any CPU
		{EB6CE17B-1B9C-4299-A60F-F96389FB7BDC}.Debug|Any CPU.ActiveCfg = Debug|Any CPU
		{EB6CE17B-1B9C-4299-A60F-F96389FB7BDC}.Debug|Any CPU.Build.0 = Debug|Any CPU
		{EB6CE17B-1B9C-4299-A60F-F96389FB7BDC}.Release|Any CPU.ActiveCfg = Release|Any CPU
		{EB6CE17B-1B9C-4299-A60F-F96389FB7BDC}.Release|Any CPU.Build.0 = Release|Any CPU
		{970E85E5-ADE9-45F7-9944-5C9D04298AAA}.Debug|Any CPU.ActiveCfg = Debug|Any CPU
		{970E85E5-ADE9-45F7-9944-5C9D04298AAA}.Debug|Any CPU.Build.0 = Debug|Any CPU
		{970E85E5-ADE9-45F7-9944-5C9D04298AAA}.Release|Any CPU.ActiveCfg = Release|Any CPU
		{970E85E5-ADE9-45F7-9944-5C9D04298AAA}.Release|Any CPU.Build.0 = Release|Any CPU
		{F0D036FD-2DA9-425F-AF80-72ADDCF45850}.Debug|Any CPU.ActiveCfg = Debug|Any CPU
		{F0D036FD-2DA9-425F-AF80-72ADDCF45850}.Debug|Any CPU.Build.0 = Debug|Any CPU
		{F0D036FD-2DA9-425F-AF80-72ADDCF45850}.Release|Any CPU.ActiveCfg = Release|Any CPU
		{F0D036FD-2DA9-425F-AF80-72ADDCF45850}.Release|Any CPU.Build.0 = Release|Any CPU
		{A0455737-6A4E-4289-A57C-AE174321818F}.Debug|Any CPU.ActiveCfg = Debug|Any CPU
		{A0455737-6A4E-4289-A57C-AE174321818F}.Debug|Any CPU.Build.0 = Debug|Any CPU
		{A0455737-6A4E-4289-A57C-AE174321818F}.Release|Any CPU.ActiveCfg = Release|Any CPU
		{A0455737-6A4E-4289-A57C-AE174321818F}.Release|Any CPU.Build.0 = Release|Any CPU
		{03DDE42B-6401-4A9D-8099-5E6D29F6C3D5}.Debug|Any CPU.ActiveCfg = Debug|Any CPU
		{03DDE42B-6401-4A9D-8099-5E6D29F6C3D5}.Debug|Any CPU.Build.0 = Debug|Any CPU
		{03DDE42B-6401-4A9D-8099-5E6D29F6C3D5}.Release|Any CPU.ActiveCfg = Release|Any CPU
		{03DDE42B-6401-4A9D-8099-5E6D29F6C3D5}.Release|Any CPU.Build.0 = Release|Any CPU
		{58C3BA9D-07BA-40E3-814A-C421126D0CF8}.Debug|Any CPU.ActiveCfg = Debug|Any CPU
		{58C3BA9D-07BA-40E3-814A-C421126D0CF8}.Debug|Any CPU.Deploy.0 = Debug|Any CPU
		{58C3BA9D-07BA-40E3-814A-C421126D0CF8}.Release|Any CPU.ActiveCfg = Release|Any CPU
		{58C3BA9D-07BA-40E3-814A-C421126D0CF8}.Release|Any CPU.Build.0 = Release|Any CPU
		{58C3BA9D-07BA-40E3-814A-C421126D0CF8}.Release|Any CPU.Deploy.0 = Release|Any CPU
		{D93528D5-8624-4E21-A065-9FD2BE065507}.Debug|Any CPU.ActiveCfg = Debug|Any CPU
		{D93528D5-8624-4E21-A065-9FD2BE065507}.Debug|Any CPU.Build.0 = Debug|Any CPU
		{D93528D5-8624-4E21-A065-9FD2BE065507}.Release|Any CPU.ActiveCfg = Release|Any CPU
		{D93528D5-8624-4E21-A065-9FD2BE065507}.Release|Any CPU.Build.0 = Release|Any CPU
	EndGlobalSection
	GlobalSection(SolutionProperties) = preSolution
		HideSolutionNode = FALSE
	EndGlobalSection
	GlobalSection(NestedProjects) = preSolution
		{65268629-6369-4A33-A861-8ADD714F78E9} = {D51961E3-0FF7-4905-BFBD-3B12F2299E31}
		{28AD8694-A3D0-4BF3-A3BE-3AE5F8BC7BEE} = {D51961E3-0FF7-4905-BFBD-3B12F2299E31}
		{E3933437-A8EC-469C-A42D-518A7F201BD6} = {D51961E3-0FF7-4905-BFBD-3B12F2299E31}
		{22220E69-6AA7-405D-A4B7-86345E353485} = {D51961E3-0FF7-4905-BFBD-3B12F2299E31}
		{45698F7A-497B-40F1-AA1A-1F01C7A6120D} = {D51961E3-0FF7-4905-BFBD-3B12F2299E31}
		{74A58064-E239-4058-BED2-80263EE544D5} = {D51961E3-0FF7-4905-BFBD-3B12F2299E31}
		{A3B4BEBF-5787-4661-80FC-0F16AA708FD6} = {28AD8694-A3D0-4BF3-A3BE-3AE5F8BC7BEE}
		{F4BB3A47-8153-4367-8B11-CA406DCBCCCB} = {DC3EEDE6-40C6-4746-96CB-F4CF7BA872DC}
		{EB6CE17B-1B9C-4299-A60F-F96389FB7BDC} = {28AD8694-A3D0-4BF3-A3BE-3AE5F8BC7BEE}
		{970E85E5-ADE9-45F7-9944-5C9D04298AAA} = {DC3EEDE6-40C6-4746-96CB-F4CF7BA872DC}
		{F0D036FD-2DA9-425F-AF80-72ADDCF45850} = {DC3EEDE6-40C6-4746-96CB-F4CF7BA872DC}
		{A0455737-6A4E-4289-A57C-AE174321818F} = {DC3EEDE6-40C6-4746-96CB-F4CF7BA872DC}
		{03DDE42B-6401-4A9D-8099-5E6D29F6C3D5} = {DC3EEDE6-40C6-4746-96CB-F4CF7BA872DC}
		{58C3BA9D-07BA-40E3-814A-C421126D0CF8} = {DC3EEDE6-40C6-4746-96CB-F4CF7BA872DC}
		{D93528D5-8624-4E21-A065-9FD2BE065507} = {A5B75CF8-07D6-442C-BF32-FD5FB5BDD3E0}
	EndGlobalSection
	GlobalSection(ExtensibilityGlobals) = postSolution
		SolutionGuid = {F96A38EA-AEA6-4C6D-A528-6FC62888EB32}
	EndGlobalSection
EndGlobal
